
Microsoft Visual Studio Solution File, Format Version 12.00
# Visual Studio Version 16
VisualStudioVersion = 16.0.29911.84
MinimumVisualStudioVersion = 10.0.40219.1
Project("{FAE04EC0-301F-11D3-BF4B-00C04F79EFBC}") = "Inspectio", "Inspectio\Inspectio.csproj", "{F42427BB-DC1A-4679-AD32-82D176001061}"
EndProject
Global
	GlobalSection(SolutionConfigurationPlatforms) = preSolution
		Debug|Any CPU = Debug|Any CPU
		Release|Any CPU = Release|Any CPU
	EndGlobalSection
	GlobalSection(ProjectConfigurationPlatforms) = postSolution
		{F42427BB-DC1A-4679-AD32-82D176001061}.Debug|Any CPU.ActiveCfg = Debug|Any CPU
		{F42427BB-DC1A-4679-AD32-82D176001061}.Debug|Any CPU.Build.0 = Debug|Any CPU
		{F42427BB-DC1A-4679-AD32-82D176001061}.Release|Any CPU.ActiveCfg = Release|Any CPU
		{F42427BB-DC1A-4679-AD32-82D176001061}.Release|Any CPU.Build.0 = Release|Any CPU
	EndGlobalSection
	GlobalSection(SolutionProperties) = preSolution
		HideSolutionNode = FALSE
	EndGlobalSection
	GlobalSection(ExtensibilityGlobals) = postSolution
		SolutionGuid = {491CBFBB-50D1-4F51-96C5-5A1B90FF3B60}
	EndGlobalSection
EndGlobal
